
Microsoft Visual Studio Solution File, Format Version 12.00
# Visual Studio Version 17
VisualStudioVersion = 17.8.34309.116
MinimumVisualStudioVersion = 10.0.40219.1
Project("{FAE04EC0-301F-11D3-BF4B-00C04F79EFBC}") = "AlphaC#", "AlphaC#\AlphaC#.csproj", "{781CCACA-E767-4A29-8B46-321C67D29BFE}"
EndProject
Global
	GlobalSection(SolutionConfigurationPlatforms) = preSolution
		Debug|Any CPU = Debug|Any CPU
		Release|Any CPU = Release|Any CPU
	EndGlobalSection
	GlobalSection(ProjectConfigurationPlatforms) = postSolution
		{781CCACA-E767-4A29-8B46-321C67D29BFE}.Debug|Any CPU.ActiveCfg = Debug|Any CPU
		{781CCACA-E767-4A29-8B46-321C67D29BFE}.Debug|Any CPU.Build.0 = Debug|Any CPU
		{781CCACA-E767-4A29-8B46-321C67D29BFE}.Release|Any CPU.ActiveCfg = Release|Any CPU
		{781CCACA-E767-4A29-8B46-321C67D29BFE}.Release|Any CPU.Build.0 = Release|Any CPU
	EndGlobalSection
	GlobalSection(SolutionProperties) = preSolution
		HideSolutionNode = FALSE
	EndGlobalSection
	GlobalSection(ExtensibilityGlobals) = postSolution
		SolutionGuid = {68643795-7B0E-45E4-8544-F7F4B282EE7C}
	EndGlobalSection
EndGlobal
